
Microsoft Visual Studio Solution File, Format Version 12.00
# Visual Studio Version 16
VisualStudioVersion = 16.0.30804.86
MinimumVisualStudioVersion = 10.0.40219.1
Project("{FAE04EC0-301F-11D3-BF4B-00C04F79EFBC}") = "BookStore", "BookStore.csproj", "{594B72CE-D775-47CC-82B3-F98DFD6D39EE}"
EndProject
Global
	GlobalSection(SolutionConfigurationPlatforms) = preSolution
		Debug|Any CPU = Debug|Any CPU
		Release|Any CPU = Release|Any CPU
	EndGlobalSection
	GlobalSection(ProjectConfigurationPlatforms) = postSolution
		{594B72CE-D775-47CC-82B3-F98DFD6D39EE}.Debug|Any CPU.ActiveCfg = Debug|Any CPU
		{594B72CE-D775-47CC-82B3-F98DFD6D39EE}.Debug|Any CPU.Build.0 = Debug|Any CPU
		{594B72CE-D775-47CC-82B3-F98DFD6D39EE}.Release|Any CPU.ActiveCfg = Release|Any CPU
		{594B72CE-D775-47CC-82B3-F98DFD6D39EE}.Release|Any CPU.Build.0 = Release|Any CPU
	EndGlobalSection
	GlobalSection(SolutionProperties) = preSolution
		HideSolutionNode = FALSE
	EndGlobalSection
	GlobalSection(ExtensibilityGlobals) = postSolution
		SolutionGuid = {E405A41E-106C-4BF7-86FF-34AB0BC46FE8}
	EndGlobalSection
EndGlobal
